
Microsoft Visual Studio Solution File, Format Version 12.00
# Visual Studio Version 16
VisualStudioVersion = 16.0.32602.291
MinimumVisualStudioVersion = 10.0.40219.1
Project("{FAE04EC0-301F-11D3-BF4B-00C04F79EFBC}") = "Collections", "Collections\Collections.csproj", "{B28C34AE-EDA4-4BF1-AB64-4825CB8D9DCD}"
EndProject
Global
	GlobalSection(SolutionConfigurationPlatforms) = preSolution
		Debug|Any CPU = Debug|Any CPU
		Release|Any CPU = Release|Any CPU
	EndGlobalSection
	GlobalSection(ProjectConfigurationPlatforms) = postSolution
		{B28C34AE-EDA4-4BF1-AB64-4825CB8D9DCD}.Debug|Any CPU.ActiveCfg = Debug|Any CPU
		{B28C34AE-EDA4-4BF1-AB64-4825CB8D9DCD}.Debug|Any CPU.Build.0 = Debug|Any CPU
		{B28C34AE-EDA4-4BF1-AB64-4825CB8D9DCD}.Release|Any CPU.ActiveCfg = Release|Any CPU
		{B28C34AE-EDA4-4BF1-AB64-4825CB8D9DCD}.Release|Any CPU.Build.0 = Release|Any CPU
	EndGlobalSection
	GlobalSection(SolutionProperties) = preSolution
		HideSolutionNode = FALSE
	EndGlobalSection
	GlobalSection(ExtensibilityGlobals) = postSolution
		SolutionGuid = {737303CB-ADBA-4F50-A06E-898664FE67E8}
	EndGlobalSection
EndGlobal
